
Microsoft Visual Studio Solution File, Format Version 12.00
# Visual Studio Version 17
VisualStudioVersion = 17.10.35122.118
MinimumVisualStudioVersion = 10.0.40219.1
Project("{FAE04EC0-301F-11D3-BF4B-00C04F79EFBC}") = "WebApplication2", "WebApplication2\WebApplication2.csproj", "{88C65837-37C8-4CA3-8BA1-7DF6AD5B5F4A}"
EndProject
Global
	GlobalSection(SolutionConfigurationPlatforms) = preSolution
		Debug|Any CPU = Debug|Any CPU
		Release|Any CPU = Release|Any CPU
	EndGlobalSection
	GlobalSection(ProjectConfigurationPlatforms) = postSolution
		{88C65837-37C8-4CA3-8BA1-7DF6AD5B5F4A}.Debug|Any CPU.ActiveCfg = Debug|Any CPU
		{88C65837-37C8-4CA3-8BA1-7DF6AD5B5F4A}.Debug|Any CPU.Build.0 = Debug|Any CPU
		{88C65837-37C8-4CA3-8BA1-7DF6AD5B5F4A}.Release|Any CPU.ActiveCfg = Release|Any CPU
		{88C65837-37C8-4CA3-8BA1-7DF6AD5B5F4A}.Release|Any CPU.Build.0 = Release|Any CPU
	EndGlobalSection
	GlobalSection(SolutionProperties) = preSolution
		HideSolutionNode = FALSE
	EndGlobalSection
	GlobalSection(ExtensibilityGlobals) = postSolution
		SolutionGuid = {90D43BB6-C0AE-43EF-BA9E-BAA8BE41C2BF}
	EndGlobalSection
EndGlobal
